// !$*UTF8*$!
{
	archiveVersion = 1;
	classes = {
	};
	objectVersion = 56;
	objects = {

/* Begin PBXBuildFile section */
		186020C22A8BEB9B00310A3D /* AppDelegate.swift in Sources */ = {isa = PBXBuildFile; fileRef = 186020C12A8BEB9B00310A3D /* AppDelegate.swift */; };
		186020C42A8BEB9B00310A3D /* SceneDelegate.swift in Sources */ = {isa = PBXBuildFile; fileRef = 186020C32A8BEB9B00310A3D /* SceneDelegate.swift */; };
		186020C62A8BEB9B00310A3D /* ViewController.swift in Sources */ = {isa = PBXBuildFile; fileRef = 186020C52A8BEB9B00310A3D /* ViewController.swift */; };
		186020C92A8BEB9B00310A3D /* Main.storyboard in Resources */ = {isa = PBXBuildFile; fileRef = 186020C72A8BEB9B00310A3D /* Main.storyboard */; };
		186020CC2A8BEB9B00310A3D /* CoreDataSampleApp.xcdatamodeld in Sources */ = {isa = PBXBuildFile; fileRef = 186020CA2A8BEB9B00310A3D /* CoreDataSampleApp.xcdatamodeld */; };
		186020CE2A8BEB9D00310A3D /* Assets.xcassets in Resources */ = {isa = PBXBuildFile; fileRef = 186020CD2A8BEB9D00310A3D /* Assets.xcassets */; };
		186020D12A8BEB9D00310A3D /* LaunchScreen.storyboard in Resources */ = {isa = PBXBuildFile; fileRef = 186020CF2A8BEB9D00310A3D /* LaunchScreen.storyboard */; };
		186020DE2A8BEC1D00310A3D /* PersistentContainerClass.swift in Sources */ = {isa = PBXBuildFile; fileRef = 186020DD2A8BEC1D00310A3D /* PersistentContainerClass.swift */; };
		186020E12A8BED7400310A3D /* Employee+CoreDataClass.swift in Sources */ = {isa = PBXBuildFile; fileRef = 186020DF2A8BED7400310A3D /* Employee+CoreDataClass.swift */; };
		186020E22A8BED7400310A3D /* Employee+CoreDataProperties.swift in Sources */ = {isa = PBXBuildFile; fileRef = 186020E02A8BED7400310A3D /* Employee+CoreDataProperties.swift */; };
/* End PBXBuildFile section */

/* Begin PBXFileReference section */
		186020BE2A8BEB9B00310A3D /* CoreDataSampleApp.app */ = {isa = PBXFileReference; explicitFileType = wrapper.application; includeInIndex = 0; path = CoreDataSampleApp.app; sourceTree = BUILT_PRODUCTS_DIR; };
		186020C12A8BEB9B00310A3D /* AppDelegate.swift */ = {isa = PBXFileReference; lastKnownFileType = sourcecode.swift; path = AppDelegate.swift; sourceTree = "<group>"; };
		186020C32A8BEB9B00310A3D /* SceneDelegate.swift */ = {isa = PBXFileReference; lastKnownFileType = sourcecode.swift; path = SceneDelegate.swift; sourceTree = "<group>"; };
		186020C52A8BEB9B00310A3D /* ViewController.swift */ = {isa = PBXFileReference; lastKnownFileType = sourcecode.swift; path = ViewController.swift; sourceTree = "<group>"; };
		186020C82A8BEB9B00310A3D /* Base */ = {isa = PBXFileReference; lastKnownFileType = file.storyboard; name = Base; path = Base.lproj/Main.storyboard; sourceTree = "<group>"; };
		186020CB2A8BEB9B00310A3D /* CoreDataSampleApp.xcdatamodel */ = {isa = PBXFileReference; lastKnownFileType = wrapper.xcdatamodel; path = CoreDataSampleApp.xcdatamodel; sourceTree = "<group>"; };
		186020CD2A8BEB9D00310A3D /* Assets.xcassets */ = {isa = PBXFileReference; lastKnownFileType = folder.assetcatalog; path = Assets.xcassets; sourceTree = "<group>"; };
		186020D02A8BEB9D00310A3D /* Base */ = {isa = PBXFileReference; lastKnownFileType = file.storyboard; name = Base; path = Base.lproj/LaunchScreen.storyboard; sourceTree = "<group>"; };
		186020D22A8BEB9D00310A3D /* Info.plist */ = {isa = PBXFileReference; lastKnownFileType = text.plist.xml; path = Info.plist; sourceTree = "<group>"; };
		186020DD2A8BEC1D00310A3D /* PersistentContainerClass.swift */ = {isa = PBXFileReference; lastKnownFileType = sourcecode.swift; path = PersistentContainerClass.swift; sourceTree = "<group>"; };
		186020DF2A8BED7400310A3D /* Employee+CoreDataClass.swift */ = {isa = PBXFileReference; lastKnownFileType = sourcecode.swift; path = "Employee+CoreDataClass.swift"; sourceTree = SOURCE_ROOT; };
		186020E02A8BED7400310A3D /* Employee+CoreDataProperties.swift */ = {isa = PBXFileReference; lastKnownFileType = sourcecode.swift; path = "Employee+CoreDataProperties.swift"; sourceTree = SOURCE_ROOT; };
/* End PBXFileReference section */

/* Begin PBXFrameworksBuildPhase section */
		186020BB2A8BEB9B00310A3D /* Frameworks */ = {
			isa = PBXFrameworksBuildPhase;
			buildActionMask = 2147483647;
			files = (
			);
			runOnlyForDeploymentPostprocessing = 0;
		};
/* End PBXFrameworksBuildPhase section */

/* Begin PBXGroup section */
		186020B52A8BEB9B00310A3D = {
			isa = PBXGroup;
			children = (
				186020C02A8BEB9B00310A3D /* CoreDataSampleApp */,
				186020BF2A8BEB9B00310A3D /* Products */,
			);
			sourceTree = "<group>";
		};
		186020BF2A8BEB9B00310A3D /* Products */ = {
			isa = PBXGroup;
			children = (
				186020BE2A8BEB9B00310A3D /* CoreDataSampleApp.app */,
			);
			name = Products;
			sourceTree = "<group>";
		};
		186020C02A8BEB9B00310A3D /* CoreDataSampleApp */ = {
			isa = PBXGroup;
			children = (
				186020DF2A8BED7400310A3D /* Employee+CoreDataClass.swift */,
				186020E02A8BED7400310A3D /* Employee+CoreDataProperties.swift */,
				186020DC2A8BEBFA00310A3D /* CoreDataHelper */,
				186020C12A8BEB9B00310A3D /* AppDelegate.swift */,
				186020C32A8BEB9B00310A3D /* SceneDelegate.swift */,
				186020C52A8BEB9B00310A3D /* ViewController.swift */,
				186020C72A8BEB9B00310A3D /* Main.storyboard */,
				186020CD2A8BEB9D00310A3D /* Assets.xcassets */,
				186020CF2A8BEB9D00310A3D /* LaunchScreen.storyboard */,
				186020D22A8BEB9D00310A3D /* Info.plist */,
				186020CA2A8BEB9B00310A3D /* CoreDataSampleApp.xcdatamodeld */,
			);
			path = CoreDataSampleApp;
			sourceTree = "<group>";
		};
		186020DC2A8BEBFA00310A3D /* CoreDataHelper */ = {
			isa = PBXGroup;
			children = (
				186020DD2A8BEC1D00310A3D /* PersistentContainerClass.swift */,
			);
			path = CoreDataHelper;
			sourceTree = "<group>";
		};
/* End PBXGroup section */

/* Begin PBXNativeTarget section */
		186020BD2A8BEB9B00310A3D /* CoreDataSampleApp */ = {
			isa = PBXNativeTarget;
			buildConfigurationList = 186020D52A8BEB9D00310A3D /* Build configuration list for PBXNativeTarget "CoreDataSampleApp" */;
			buildPhases = (
				186020BA2A8BEB9B00310A3D /* Sources */,
				186020BB2A8BEB9B00310A3D /* Frameworks */,
				186020BC2A8BEB9B00310A3D /* Resources */,
			);
			buildRules = (
			);
			dependencies = (
			);
			name = CoreDataSampleApp;
			productName = CoreDataSampleApp;
			productReference = 186020BE2A8BEB9B00310A3D /* CoreDataSampleApp.app */;
			productType = "com.apple.product-type.application";
		};
/* End PBXNativeTarget section */

/* Begin PBXProject section */
		186020B62A8BEB9B00310A3D /* Project object */ = {
			isa = PBXProject;
			attributes = {
				BuildIndependentTargetsInParallel = 1;
				LastSwiftUpdateCheck = 1420;
				LastUpgradeCheck = 1420;
				TargetAttributes = {
					186020BD2A8BEB9B00310A3D = {
						CreatedOnToolsVersion = 14.2;
					};
				};
			};
			buildConfigurationList = 186020B92A8BEB9B00310A3D /* Build configuration list for PBXProject "CoreDataSampleApp" */;
			compatibilityVersion = "Xcode 14.0";
			developmentRegion = en;
			hasScannedForEncodings = 0;
			knownRegions = (
				en,
				Base,
			);
			mainGroup = 186020B52A8BEB9B00310A3D;
			productRefGroup = 186020BF2A8BEB9B00310A3D /* Products */;
			projectDirPath = "";
			projectRoot = "";
			targets = (
				186020BD2A8BEB9B00310A3D /* CoreDataSampleApp */,
			);
		};
/* End PBXProject section */

/* Begin PBXResourcesBuildPhase section */
		186020BC2A8BEB9B00310A3D /* Resources */ = {
			isa = PBXResourcesBuildPhase;
			buildActionMask = 2147483647;
			files = (
				186020D12A8BEB9D00310A3D /* LaunchScreen.storyboard in Resources */,
				186020CE2A8BEB9D00310A3D /* Assets.xcassets in Resources */,
				186020C92A8BEB9B00310A3D /* Main.storyboard in Resources */,
			);
			runOnlyForDeploymentPostprocessing = 0;
		};
/* End PBXResourcesBuildPhase section */

/* Begin PBXSourcesBuildPhase section */
		186020BA2A8BEB9B00310A3D /* Sources */ = {
			isa = PBXSourcesBuildPhase;
			buildActionMask = 2147483647;
			files = (
				186020CC2A8BEB9B00310A3D /* CoreDataSampleApp.xcdatamodeld in Sources */,
				186020E12A8BED7400310A3D /* Employee+CoreDataClass.swift in Sources */,
				186020C62A8BEB9B00310A3D /* ViewController.swift in Sources */,
				186020C22A8BEB9B00310A3D /* AppDelegate.swift in Sources */,
				186020DE2A8BEC1D00310A3D /* PersistentContainerClass.swift in Sources */,
				186020C42A8BEB9B00310A3D /* SceneDelegate.swift in Sources */,
				186020E22A8BED7400310A3D /* Employee+CoreDataProperties.swift in Sources */,
			);
			runOnlyForDeploymentPostprocessing = 0;
		};
/* End PBXSourcesBuildPhase section */

/* Begin PBXVariantGroup section */
		186020C72A8BEB9B00310A3D /* Main.storyboard */ = {
			isa = PBXVariantGroup;
			children = (
				186020C82A8BEB9B00310A3D /* Base */,
			);
			name = Main.storyboard;
			sourceTree = "<group>";
		};
		186020CF2A8BEB9D00310A3D /* LaunchScreen.storyboard */ = {
			isa = PBXVariantGroup;
			children = (
				186020D02A8BEB9D00310A3D /* Base */,
			);
			name = LaunchScreen.storyboard;
			sourceTree = "<group>";
		};
/* End PBXVariantGroup section */

/* Begin XCBuildConfiguration section */
		186020D32A8BEB9D00310A3D /* Debug */ = {
			isa = XCBuildConfiguration;
			buildSettings = {
				ALWAYS_SEARCH_USER_PATHS = NO;
				CLANG_ANALYZER_NONNULL = YES;
				CLANG_ANALYZER_NUMBER_OBJECT_CONVERSION = YES_AGGRESSIVE;
				CLANG_CXX_LANGUAGE_STANDARD = "gnu++20";
				CLANG_ENABLE_MODULES = YES;
				CLANG_ENABLE_OBJC_ARC = YES;
				CLANG_ENABLE_OBJC_WEAK = YES;
				CLANG_WARN_BLOCK_CAPTURE_AUTORELEASING = YES;
				CLANG_WARN_BOOL_CONVERSION = YES;
				CLANG_WARN_COMMA = YES;
				CLANG_WARN_CONSTANT_CONVERSION = YES;
				CLANG_WARN_DEPRECATED_OBJC_IMPLEMENTATIONS = YES;
				CLANG_WARN_DIRECT_OBJC_ISA_USAGE = YES_ERROR;
				CLANG_WARN_DOCUMENTATION_COMMENTS = YES;
				CLANG_WARN_EMPTY_BODY = YES;
				CLANG_WARN_ENUM_CONVERSION = YES;
				CLANG_WARN_INFINITE_RECURSION = YES;
				CLANG_WARN_INT_CONVERSION = YES;
				CLANG_WARN_NON_LITERAL_NULL_CONVERSION = YES;
				CLANG_WARN_OBJC_IMPLICIT_RETAIN_SELF = YES;
				CLANG_WARN_OBJC_LITERAL_CONVERSION = YES;
				CLANG_WARN_OBJC_ROOT_CLASS = YES_ERROR;
				CLANG_WARN_QUOTED_INCLUDE_IN_FRAMEWORK_HEADER = YES;
				CLANG_WARN_RANGE_LOOP_ANALYSIS = YES;
				CLANG_WARN_STRICT_PROTOTYPES = YES;
				CLANG_WARN_SUSPICIOUS_MOVE = YES;
				CLANG_WARN_UNGUARDED_AVAILABILITY = YES_AGGRESSIVE;
				CLANG_WARN_UNREACHABLE_CODE = YES;
				CLANG_WARN__DUPLICATE_METHOD_MATCH = YES;
				COPY_PHASE_STRIP = NO;
				DEBUG_INFORMATION_FORMAT = dwarf;
				ENABLE_STRICT_OBJC_MSGSEND = YES;
				ENABLE_TESTABILITY = YES;
				GCC_C_LANGUAGE_STANDARD = gnu11;
				GCC_DYNAMIC_NO_PIC = NO;
				GCC_NO_COMMON_BLOCKS = YES;
				GCC_OPTIMIZATION_LEVEL = 0;
				GCC_PREPROCESSOR_DEFINITIONS = (
					"DEBUG=1",
					"$(inherited)",
				);
				GCC_WARN_64_TO_32_BIT_CONVERSION = YES;
				GCC_WARN_ABOUT_RETURN_TYPE = YES_ERROR;
				GCC_WARN_UNDECLARED_SELECTOR = YES;
				GCC_WARN_UNINITIALIZED_AUTOS = YES_AGGRESSIVE;
				GCC_WARN_UNUSED_FUNCTION = YES;
				GCC_WARN_UNUSED_VARIABLE = YES;
				IPHONEOS_DEPLOYMENT_TARGET = 16.2;
				MTL_ENABLE_DEBUG_INFO = INCLUDE_SOURCE;
				MTL_FAST_MATH = YES;
				ONLY_ACTIVE_ARCH = YES;
				SDKROOT = iphoneos;
				SWIFT_ACTIVE_COMPILATION_CONDITIONS = DEBUG;
				SWIFT_OPTIMIZATION_LEVEL = "-Onone";
			};
			name = Debug;
		};
		186020D42A8BEB9D00310A3D /* Release */ = {
			isa = XCBuildConfiguration;
			buildSettings = {
				ALWAYS_SEARCH_USER_PATHS = NO;
				CLANG_ANALYZER_NONNULL = YES;
				CLANG_ANALYZER_NUMBER_OBJECT_CONVERSION = YES_AGGRESSIVE;
				CLANG_CXX_LANGUAGE_STANDARD = "gnu++20";
				CLANG_ENABLE_MODULES = YES;
				CLANG_ENABLE_OBJC_ARC = YES;
				CLANG_ENABLE_OBJC_WEAK = YES;
				CLANG_WARN_BLOCK_CAPTURE_AUTORELEASING = YES;
				CLANG_WARN_BOOL_CONVERSION = YES;
				CLANG_WARN_COMMA = YES;
				CLANG_WARN_CONSTANT_CONVERSION = YES;
				CLANG_WARN_DEPRECATED_OBJC_IMPLEMENTATIONS = YES;
				CLANG_WARN_DIRECT_OBJC_ISA_USAGE = YES_ERROR;
				CLANG_WARN_DOCUMENTATION_COMMENTS = YES;
				CLANG_WARN_EMPTY_BODY = YES;
				CLANG_WARN_ENUM_CONVERSION = YES;
				CLANG_WARN_INFINITE_RECURSION = YES;
				CLANG_WARN_INT_CONVERSION = YES;
				CLANG_WARN_NON_LITERAL_NULL_CONVERSION = YES;
				CLANG_WARN_OBJC_IMPLICIT_RETAIN_SELF = YES;
				CLANG_WARN_OBJC_LITERAL_CONVERSION = YES;
				CLANG_WARN_OBJC_ROOT_CLASS = YES_ERROR;
				CLANG_WARN_QUOTED_INCLUDE_IN_FRAMEWORK_HEADER = YES;
				CLANG_WARN_RANGE_LOOP_ANALYSIS = YES;
				CLANG_WARN_STRICT_PROTOTYPES = YES;
				CLANG_WARN_SUSPICIOUS_MOVE = YES;
				CLANG_WARN_UNGUARDED_AVAILABILITY = YES_AGGRESSIVE;
				CLANG_WARN_UNREACHABLE_CODE = YES;
				CLANG_WARN__DUPLICATE_METHOD_MATCH = YES;
				COPY_PHASE_STRIP = NO;
				DEBUG_INFORMATION_FORMAT = "dwarf-with-dsym";
				ENABLE_NS_ASSERTIONS = NO;
				ENABLE_STRICT_OBJC_MSGSEND = YES;
				GCC_C_LANGUAGE_STANDARD = gnu11;
				GCC_NO_COMMON_BLOCKS = YES;
				GCC_WARN_64_TO_32_BIT_CONVERSION = YES;
				GCC_WARN_ABOUT_RETURN_TYPE = YES_ERROR;
				GCC_WARN_UNDECLARED_SELECTOR = YES;
				GCC_WARN_UNINITIALIZED_AUTOS = YES_AGGRESSIVE;
				GCC_WARN_UNUSED_FUNCTION = YES;
				GCC_WARN_UNUSED_VARIABLE = YES;
				IPHONEOS_DEPLOYMENT_TARGET = 16.2;
				MTL_ENABLE_DEBUG_INFO = NO;
				MTL_FAST_MATH = YES;
				SDKROOT = iphoneos;
				SWIFT_COMPILATION_MODE = wholemodule;
				SWIFT_OPTIMIZATION_LEVEL = "-O";
				VALIDATE_PRODUCT = YES;
			};
			name = Release;
		};
		186020D62A8BEB9D00310A3D /* Debug */ = {
			isa = XCBuildConfiguration;
			buildSettings = {
				ASSETCATALOG_COMPILER_APPICON_NAME = AppIcon;
				ASSETCATALOG_COMPILER_GLOBAL_ACCENT_COLOR_NAME = AccentColor;
				CODE_SIGN_STYLE = Automatic;
				CURRENT_PROJECT_VERSION = 1;
				DEVELOPMENT_TEAM = 2779FHW62H;
				GENERATE_INFOPLIST_FILE = YES;
				INFOPLIST_FILE = CoreDataSampleApp/Info.plist;
				INFOPLIST_KEY_UIApplicationSupportsIndirectInputEvents = YES;
				INFOPLIST_KEY_UILaunchStoryboardName = LaunchScreen;
				INFOPLIST_KEY_UIMainStoryboardFile = Main;
				INFOPLIST_KEY_UISupportedInterfaceOrientations_iPad = "UIInterfaceOrientationPortrait UIInterfaceOrientationPortraitUpsideDown UIInterfaceOrientationLandscapeLeft UIInterfaceOrientationLandscapeRight";
				INFOPLIST_KEY_UISupportedInterfaceOrientations_iPhone = "UIInterfaceOrientationPortrait UIInterfaceOrientationLandscapeLeft UIInterfaceOrientationLandscapeRight";
				LD_RUNPATH_SEARCH_PATHS = (
					"$(inherited)",
					"@executable_path/Frameworks",
				);
				MARKETING_VERSION = 1.0;
				PRODUCT_BUNDLE_IDENTIFIER = com.home.CoreDataSampleApp;
				PRODUCT_NAME = "$(TARGET_NAME)";
				SWIFT_EMIT_LOC_STRINGS = YES;
				SWIFT_VERSION = 5.0;
				TARGETED_DEVICE_FAMILY = "1,2";
			};
			name = Debug;
		};
		186020D72A8BEB9D00310A3D /* Release */ = {
			isa = XCBuildConfiguration;
			buildSettings = {
				ASSETCATALOG_COMPILER_APPICON_NAME = AppIcon;
				ASSETCATALOG_COMPILER_GLOBAL_ACCENT_COLOR_NAME = AccentColor;
				CODE_SIGN_STYLE = Automatic;
				CURRENT_PROJECT_VERSION = 1;
				DEVELOPMENT_TEAM = 2779FHW62H;
				GENERATE_INFOPLIST_FILE = YES;
				INFOPLIST_FILE = CoreDataSampleApp/Info.plist;
				INFOPLIST_KEY_UIApplicationSupportsIndirectInputEvents = YES;
				INFOPLIST_KEY_UILaunchStoryboardName = LaunchScreen;
				INFOPLIST_KEY_UIMainStoryboardFile = Main;
				INFOPLIST_KEY_UISupportedInterfaceOrientations_iPad = "UIInterfaceOrientationPortrait UIInterfaceOrientationPortraitUpsideDown UIInterfaceOrientationLandscapeLeft UIInterfaceOrientationLandscapeRight";
				INFOPLIST_KEY_UISupportedInterfaceOrientations_iPhone = "UIInterfaceOrientationPortrait UIInterfaceOrientationLandscapeLeft UIInterfaceOrientationLandscapeRight";
				LD_RUNPATH_SEARCH_PATHS = (
					"$(inherited)",
					"@executable_path/Frameworks",
				);
				MARKETING_VERSION = 1.0;
				PRODUCT_BUNDLE_IDENTIFIER = com.home.CoreDataSampleApp;
				PRODUCT_NAME = "$(TARGET_NAME)";
				SWIFT_EMIT_LOC_STRINGS = YES;
				SWIFT_VERSION = 5.0;
				TARGETED_DEVICE_FAMILY = "1,2";
			};
			name = Release;
		};
/* End XCBuildConfiguration section */

/* Begin XCConfigurationList section */
		186020B92A8BEB9B00310A3D /* Build configuration list for PBXProject "CoreDataSampleApp" */ = {
			isa = XCConfigurationList;
			buildConfigurations = (
				186020D32A8BEB9D00310A3D /* Debug */,
				186020D42A8BEB9D00310A3D /* Release */,
			);
			defaultConfigurationIsVisible = 0;
			defaultConfigurationName = Release;
		};
		186020D52A8BEB9D00310A3D /* Build configuration list for PBXNativeTarget "CoreDataSampleApp" */ = {
			isa = XCConfigurationList;
			buildConfigurations = (
				186020D62A8BEB9D00310A3D /* Debug */,
				186020D72A8BEB9D00310A3D /* Release */,
			);
			defaultConfigurationIsVisible = 0;
			defaultConfigurationName = Release;
		};
/* End XCConfigurationList section */

/* Begin XCVersionGroup section */
		186020CA2A8BEB9B00310A3D /* CoreDataSampleApp.xcdatamodeld */ = {
			isa = XCVersionGroup;
			children = (
				186020CB2A8BEB9B00310A3D /* CoreDataSampleApp.xcdatamodel */,
			);
			currentVersion = 186020CB2A8BEB9B00310A3D /* CoreDataSampleApp.xcdatamodel */;
			path = CoreDataSampleApp.xcdatamodeld;
			sourceTree = "<group>";
			versionGroupType = wrapper.xcdatamodel;
		};
/* End XCVersionGroup section */
	};
	rootObject = 186020B62A8BEB9B00310A3D /* Project object */;
}
